# @generated - this file is auto-generated by `mise lock` https://mise.en.dev/dev-tools/mise-lock.html

[[tools."github:microsoft/apm"]]
version = "0.12.1"
backend = "github:microsoft/apm"

[tools."github:microsoft/apm"."platforms.linux-arm64"]
checksum = "sha256:364a651b8e383331cf0ae996d3d57b7f164b38de345634ae08fe7114c4f9e3a7"
url = "https://github.com/microsoft/apm/releases/download/v0.12.1/apm-linux-arm64.tar.gz"
url_api = "https://api.github.com/repos/microsoft/apm/releases/assets/411292918"

[tools."github:microsoft/apm"."platforms.linux-arm64-musl"]
checksum = "sha256:364a651b8e383331cf0ae996d3d57b7f164b38de345634ae08fe7114c4f9e3a7"
url = "https://github.com/microsoft/apm/releases/download/v0.12.1/apm-linux-arm64.tar.gz"
url_api = "https://api.github.com/repos/microsoft/apm/releases/assets/411292918"

[tools."github:microsoft/apm"."platforms.linux-x64"]
checksum = "sha256:a0b896e8cbdd10441125e989aa19d180c62052eda7c8aa850feb367805d1256f"
url = "https://github.com/microsoft/apm/releases/download/v0.12.1/apm-linux-x86_64.tar.gz"
url_api = "https://api.github.com/repos/microsoft/apm/releases/assets/411292920"

[tools."github:microsoft/apm"."platforms.linux-x64-musl"]
checksum = "sha256:a0b896e8cbdd10441125e989aa19d180c62052eda7c8aa850feb367805d1256f"
url = "https://github.com/microsoft/apm/releases/download/v0.12.1/apm-linux-x86_64.tar.gz"
url_api = "https://api.github.com/repos/microsoft/apm/releases/assets/411292920"

[tools."github:microsoft/apm"."platforms.macos-arm64"]
checksum = "sha256:b575dac3832f5b21cf34a370e795644cdc2c625520a0909808d927fb4700de4d"
url = "https://github.com/microsoft/apm/releases/download/v0.12.1/apm-darwin-arm64.tar.gz"
url_api = "https://api.github.com/repos/microsoft/apm/releases/assets/411292921"

[tools."github:microsoft/apm"."platforms.macos-x64"]
checksum = "sha256:bce72fd7d769fdd7f6117421f4bf6bc47711922a8fb69fbab228e034e3e69de0"
url = "https://github.com/microsoft/apm/releases/download/v0.12.1/apm-darwin-x86_64.tar.gz"
url_api = "https://api.github.com/repos/microsoft/apm/releases/assets/411292917"

[tools."github:microsoft/apm"."platforms.windows-x64"]
checksum = "sha256:89177dbdfd8e6a62d39b29e7c8afa7c9e5e5dd4718268f018917a9474b986435"
url = "https://github.com/microsoft/apm/releases/download/v0.12.1/apm-windows-x86_64.zip"
url_api = "https://api.github.com/repos/microsoft/apm/releases/assets/411292919"

[[tools."github:microsoft/waza"]]
version = "0.38.7"
backend = "github:microsoft/waza"

[tools."github:microsoft/waza"."platforms.linux-arm64"]
checksum = "sha256:142ea836bbc8324154f52d3278cb7c9a9fa4e1be7480b44d3841309b56f7b039"
url = "https://github.com/microsoft/waza/releases/download/v0.38.7/waza-linux-arm64"
url_api = "https://api.github.com/repos/microsoft/waza/releases/assets/520984886"

[tools."github:microsoft/waza"."platforms.linux-arm64-musl"]
checksum = "sha256:142ea836bbc8324154f52d3278cb7c9a9fa4e1be7480b44d3841309b56f7b039"
url = "https://github.com/microsoft/waza/releases/download/v0.38.7/waza-linux-arm64"
url_api = "https://api.github.com/repos/microsoft/waza/releases/assets/520984886"

[tools."github:microsoft/waza"."platforms.linux-x64"]
checksum = "sha256:e227cd884173de796bc28c6cb1828498f250297e0e606a4e4504d14465ff879f"
url = "https://github.com/microsoft/waza/releases/download/v0.38.7/waza-linux-amd64"
url_api = "https://api.github.com/repos/microsoft/waza/releases/assets/520984881"

[tools."github:microsoft/waza"."platforms.linux-x64-musl"]
checksum = "sha256:e227cd884173de796bc28c6cb1828498f250297e0e606a4e4504d14465ff879f"
url = "https://github.com/microsoft/waza/releases/download/v0.38.7/waza-linux-amd64"
url_api = "https://api.github.com/repos/microsoft/waza/releases/assets/520984881"

[tools."github:microsoft/waza"."platforms.macos-arm64"]
checksum = "sha256:82a4f44c7d95b13e54607ab0bb9da618bb134c51c94a64be73bedbf7bcd4e778"
url = "https://github.com/microsoft/waza/releases/download/v0.38.7/waza-darwin-arm64"
url_api = "https://api.github.com/repos/microsoft/waza/releases/assets/520984880"

[tools."github:microsoft/waza"."platforms.macos-x64"]
checksum = "sha256:e282ae6cc2f819125e8e5aaf2351caf8e066c74a853c7cdf1591cd4fb4657a1a"
url = "https://github.com/microsoft/waza/releases/download/v0.38.7/waza-darwin-amd64"
url_api = "https://api.github.com/repos/microsoft/waza/releases/assets/520984885"

[tools."github:microsoft/waza"."platforms.windows-x64"]
checksum = "sha256:451d05c510341019e71c8e94d2ff4ed9f809f8f198bcf5fc31ab31038c5076c9"
url = "https://github.com/microsoft/waza/releases/download/v0.38.7/waza-windows-amd64.exe"
url_api = "https://api.github.com/repos/microsoft/waza/releases/assets/520984898"
