# @generated - this file is auto-generated by `mise lock` https://mise.en.dev/dev-tools/mise-lock.html

[[tools."github:microsoft/apm"]]
version = "0.12.1"
backend = "github:microsoft/apm"

[tools."github:microsoft/apm"."platforms.linux-arm64"]
checksum = "sha256:364a651b8e383331cf0ae996d3d57b7f164b38de345634ae08fe7114c4f9e3a7"
url = "https://github.com/microsoft/apm/releases/download/v0.12.1/apm-linux-arm64.tar.gz"
url_api = "https://api.github.com/repos/microsoft/apm/releases/assets/411292918"

[tools."github:microsoft/apm"."platforms.linux-arm64-musl"]
checksum = "sha256:364a651b8e383331cf0ae996d3d57b7f164b38de345634ae08fe7114c4f9e3a7"
url = "https://github.com/microsoft/apm/releases/download/v0.12.1/apm-linux-arm64.tar.gz"
url_api = "https://api.github.com/repos/microsoft/apm/releases/assets/411292918"

[tools."github:microsoft/apm"."platforms.linux-x64"]
checksum = "sha256:a0b896e8cbdd10441125e989aa19d180c62052eda7c8aa850feb367805d1256f"
url = "https://github.com/microsoft/apm/releases/download/v0.12.1/apm-linux-x86_64.tar.gz"
url_api = "https://api.github.com/repos/microsoft/apm/releases/assets/411292920"

[tools."github:microsoft/apm"."platforms.linux-x64-musl"]
checksum = "sha256:a0b896e8cbdd10441125e989aa19d180c62052eda7c8aa850feb367805d1256f"
url = "https://github.com/microsoft/apm/releases/download/v0.12.1/apm-linux-x86_64.tar.gz"
url_api = "https://api.github.com/repos/microsoft/apm/releases/assets/411292920"

[tools."github:microsoft/apm"."platforms.macos-arm64"]
checksum = "sha256:b575dac3832f5b21cf34a370e795644cdc2c625520a0909808d927fb4700de4d"
url = "https://github.com/microsoft/apm/releases/download/v0.12.1/apm-darwin-arm64.tar.gz"
url_api = "https://api.github.com/repos/microsoft/apm/releases/assets/411292921"

[tools."github:microsoft/apm"."platforms.macos-x64"]
checksum = "sha256:bce72fd7d769fdd7f6117421f4bf6bc47711922a8fb69fbab228e034e3e69de0"
url = "https://github.com/microsoft/apm/releases/download/v0.12.1/apm-darwin-x86_64.tar.gz"
url_api = "https://api.github.com/repos/microsoft/apm/releases/assets/411292917"

[tools."github:microsoft/apm"."platforms.windows-x64"]
checksum = "sha256:89177dbdfd8e6a62d39b29e7c8afa7c9e5e5dd4718268f018917a9474b986435"
url = "https://github.com/microsoft/apm/releases/download/v0.12.1/apm-windows-x86_64.zip"
url_api = "https://api.github.com/repos/microsoft/apm/releases/assets/411292919"

[[tools."github:microsoft/waza"]]
version = "0.38.8"
backend = "github:microsoft/waza"

[tools."github:microsoft/waza"."platforms.linux-arm64"]
checksum = "sha256:2721267b59dbca682e754e0e4ad392473e7341dbdbd64578ef1bee9b52daa31b"
url = "https://github.com/microsoft/waza/releases/download/v0.38.8/waza-linux-arm64"
url_api = "https://api.github.com/repos/microsoft/waza/releases/assets/599032509"

[tools."github:microsoft/waza"."platforms.linux-arm64-musl"]
checksum = "sha256:2721267b59dbca682e754e0e4ad392473e7341dbdbd64578ef1bee9b52daa31b"
url = "https://github.com/microsoft/waza/releases/download/v0.38.8/waza-linux-arm64"
url_api = "https://api.github.com/repos/microsoft/waza/releases/assets/599032509"

[tools."github:microsoft/waza"."platforms.linux-x64"]
checksum = "sha256:1bc9886cf2254e50cfab22bc1bcc7acd9715e69e0c2057c04079c95b8f68132e"
url = "https://github.com/microsoft/waza/releases/download/v0.38.8/waza-linux-amd64"
url_api = "https://api.github.com/repos/microsoft/waza/releases/assets/599032506"

[tools."github:microsoft/waza"."platforms.linux-x64-musl"]
checksum = "sha256:1bc9886cf2254e50cfab22bc1bcc7acd9715e69e0c2057c04079c95b8f68132e"
url = "https://github.com/microsoft/waza/releases/download/v0.38.8/waza-linux-amd64"
url_api = "https://api.github.com/repos/microsoft/waza/releases/assets/599032506"

[tools."github:microsoft/waza"."platforms.macos-arm64"]
checksum = "sha256:f4f36fbdfdd60b6d7c1bd555b25a6c6d33485e57fdf8e67c1c65a82400622601"
url = "https://github.com/microsoft/waza/releases/download/v0.38.8/waza-darwin-arm64"
url_api = "https://api.github.com/repos/microsoft/waza/releases/assets/599032505"

[tools."github:microsoft/waza"."platforms.macos-x64"]
checksum = "sha256:7533f4a025e7cbe7dc6adbb48acf04cc8778f21e57b9a9e716300264ff040920"
url = "https://github.com/microsoft/waza/releases/download/v0.38.8/waza-darwin-amd64"
url_api = "https://api.github.com/repos/microsoft/waza/releases/assets/599032510"

[tools."github:microsoft/waza"."platforms.windows-x64"]
checksum = "sha256:b52763feedf789025399a79269d001dd27ad54a2588442f831a1072be5b7ce4f"
url = "https://github.com/microsoft/waza/releases/download/v0.38.8/waza-windows-amd64.exe"
url_api = "https://api.github.com/repos/microsoft/waza/releases/assets/599032529"
