# @generated - this file is auto-generated by `mise lock` https://mise.jdx.dev/dev-tools/mise-lock.html

[[tools."github:microsoft/apm"]]
version = "0.12.1"
backend = "github:microsoft/apm"

[tools."github:microsoft/apm"."platforms.linux-arm64"]
checksum = "sha256:364a651b8e383331cf0ae996d3d57b7f164b38de345634ae08fe7114c4f9e3a7"
url = "https://github.com/microsoft/apm/releases/download/v0.12.1/apm-linux-arm64.tar.gz"
url_api = "https://api.github.com/repos/microsoft/apm/releases/assets/411292918"

[tools."github:microsoft/apm"."platforms.linux-arm64-musl"]
checksum = "sha256:364a651b8e383331cf0ae996d3d57b7f164b38de345634ae08fe7114c4f9e3a7"
url = "https://github.com/microsoft/apm/releases/download/v0.12.1/apm-linux-arm64.tar.gz"
url_api = "https://api.github.com/repos/microsoft/apm/releases/assets/411292918"

[tools."github:microsoft/apm"."platforms.linux-x64"]
checksum = "sha256:a0b896e8cbdd10441125e989aa19d180c62052eda7c8aa850feb367805d1256f"
url = "https://github.com/microsoft/apm/releases/download/v0.12.1/apm-linux-x86_64.tar.gz"
url_api = "https://api.github.com/repos/microsoft/apm/releases/assets/411292920"

[tools."github:microsoft/apm"."platforms.linux-x64-musl"]
checksum = "sha256:a0b896e8cbdd10441125e989aa19d180c62052eda7c8aa850feb367805d1256f"
url = "https://github.com/microsoft/apm/releases/download/v0.12.1/apm-linux-x86_64.tar.gz"
url_api = "https://api.github.com/repos/microsoft/apm/releases/assets/411292920"

[tools."github:microsoft/apm"."platforms.macos-arm64"]
checksum = "sha256:b575dac3832f5b21cf34a370e795644cdc2c625520a0909808d927fb4700de4d"
url = "https://github.com/microsoft/apm/releases/download/v0.12.1/apm-darwin-arm64.tar.gz"
url_api = "https://api.github.com/repos/microsoft/apm/releases/assets/411292921"

[tools."github:microsoft/apm"."platforms.macos-x64"]
checksum = "sha256:bce72fd7d769fdd7f6117421f4bf6bc47711922a8fb69fbab228e034e3e69de0"
url = "https://github.com/microsoft/apm/releases/download/v0.12.1/apm-darwin-x86_64.tar.gz"
url_api = "https://api.github.com/repos/microsoft/apm/releases/assets/411292917"

[tools."github:microsoft/apm"."platforms.windows-x64"]
checksum = "sha256:89177dbdfd8e6a62d39b29e7c8afa7c9e5e5dd4718268f018917a9474b986435"
url = "https://github.com/microsoft/apm/releases/download/v0.12.1/apm-windows-x86_64.zip"
url_api = "https://api.github.com/repos/microsoft/apm/releases/assets/411292919"

[[tools."github:microsoft/waza"]]
version = "0.31.0"
backend = "github:microsoft/waza"

[tools."github:microsoft/waza"."platforms.linux-arm64"]
checksum = "sha256:a28a0e7d64a1d482bd3cc7405f8da9859bfcde8dbbf6c9144ff051a5c48595f1"
url = "https://github.com/microsoft/waza/releases/download/v0.31.0/waza-linux-arm64"
url_api = "https://api.github.com/repos/microsoft/waza/releases/assets/407656931"

[tools."github:microsoft/waza"."platforms.linux-arm64-musl"]
checksum = "sha256:a28a0e7d64a1d482bd3cc7405f8da9859bfcde8dbbf6c9144ff051a5c48595f1"
url = "https://github.com/microsoft/waza/releases/download/v0.31.0/waza-linux-arm64"
url_api = "https://api.github.com/repos/microsoft/waza/releases/assets/407656931"

[tools."github:microsoft/waza"."platforms.linux-x64"]
checksum = "sha256:bc3db0609704d163e90cf7b117f31b21482c0137220066a208714dc31295e7de"
url = "https://github.com/microsoft/waza/releases/download/v0.31.0/waza-linux-amd64"
url_api = "https://api.github.com/repos/microsoft/waza/releases/assets/407656930"

[tools."github:microsoft/waza"."platforms.linux-x64-musl"]
checksum = "sha256:bc3db0609704d163e90cf7b117f31b21482c0137220066a208714dc31295e7de"
url = "https://github.com/microsoft/waza/releases/download/v0.31.0/waza-linux-amd64"
url_api = "https://api.github.com/repos/microsoft/waza/releases/assets/407656930"

[tools."github:microsoft/waza"."platforms.macos-arm64"]
checksum = "sha256:80c30af6b51d78f63950c846845bc525e7878b1cdf68957bafdd49874ffa15f1"
url = "https://github.com/microsoft/waza/releases/download/v0.31.0/waza-darwin-arm64"
url_api = "https://api.github.com/repos/microsoft/waza/releases/assets/407656932"

[tools."github:microsoft/waza"."platforms.macos-x64"]
checksum = "sha256:d5b8b1bf68358142c738179781b44a85e709e4a1ceccf34ab7c13eca4427dd2e"
url = "https://github.com/microsoft/waza/releases/download/v0.31.0/waza-darwin-amd64"
url_api = "https://api.github.com/repos/microsoft/waza/releases/assets/407656934"

[tools."github:microsoft/waza"."platforms.windows-x64"]
checksum = "sha256:7a7d103c6f48e4c8eb22efab542366616dbc3aa801cc2e616e8739ef6b378820"
url = "https://github.com/microsoft/waza/releases/download/v0.31.0/waza-windows-amd64.exe"
url_api = "https://api.github.com/repos/microsoft/waza/releases/assets/407656936"
